{
  "requires": true,
  "lockfileVersion": 1,
  "dependencies": {
    "promise-polyfill": {
      "version": "6.1.0",
      "resolved": "https://registry.npmjs.org/promise-polyfill/-/promise-polyfill-6.1.0.tgz",
      "integrity": "sha1-36lpQ+qcEh/KTem1hoyznTRy4Fc="
    },
    "regenerator-runtime": {
      "version": "0.10.5",
      "resolved": "https://registry.npmjs.org/regenerator-runtime/-/regenerator-runtime-0.10.5.tgz",
      "integrity": "sha1-M2w+/BIgrc7dosn6tntaeVWjNlg="
    },
    "wepy-async-function": {
      "version": "1.4.7",
      "resolved": "https://registry.npmjs.org/wepy-async-function/-/wepy-async-function-1.4.7.tgz",
      "integrity": "sha512-ZkV2SAguBvwBGaYsABlvd0z8JC65jbC3enE/lHp15XK3wlAsDM9hwK6+rG21oDPDBVyNb628bl3hxc/fK9txTg==",
      "requires": {
        "promise-polyfill": "^6.0.2",
        "regenerator-runtime": "^0.10.3"
      }
    }
  }
}
